
Microsoft Visual Studio Solution File, Format Version 12.00
# Visual Studio Version 16
VisualStudioVersion = 16.0.31005.135
MinimumVisualStudioVersion = 10.0.40219.1
Project("{FAE04EC0-301F-11D3-BF4B-00C04F79EFBC}") = "FirstWCFLib", "FirstWCFLib\FirstWCFLib.csproj", "{C4FB8CEE-0992-44AD-87A9-5F2BD169BE31}"
EndProject
Project("{FAE04EC0-301F-11D3-BF4B-00C04F79EFBC}") = "FirstWCFHost", "FirstWCFHost\FirstWCFHost.csproj", "{253F3111-696D-4AFE-B6A8-9E6027DA5836}"
EndProject
Project("{FAE04EC0-301F-11D3-BF4B-00C04F79EFBC}") = "FirstWCFClient", "FirstWCFClient\FirstWCFClient.csproj", "{54D652D4-1FCC-4620-971F-69F451BF23BB}"
EndProject
Project("{FAE04EC0-301F-11D3-BF4B-00C04F79EFBC}") = "SecondWCF", "SecondWCF\SecondWCF.csproj", "{BC271A84-1780-4039-851F-8E684F87CCDF}"
EndProject
Project("{FAE04EC0-301F-11D3-BF4B-00C04F79EFBC}") = "SecondWCFClient", "SecondWCFClient\SecondWCFClient.csproj", "{FB8DFE2E-85B1-4A4F-9ACD-A54E9DAE88DE}"
	ProjectSection(ProjectDependencies) = postProject
		{BC271A84-1780-4039-851F-8E684F87CCDF} = {BC271A84-1780-4039-851F-8E684F87CCDF}
	EndProjectSection
EndProject
Project("{FAE04EC0-301F-11D3-BF4B-00C04F79EFBC}") = "PubSubLib", "PubSubLib\PubSubLib.csproj", "{1E7270F3-3C46-48F4-A060-FA2DD2E28EEB}"
EndProject
Project("{FAE04EC0-301F-11D3-BF4B-00C04F79EFBC}") = "PubSubHost", "PubSubHost\PubSubHost.csproj", "{D58EA27C-3A0F-4AAF-AD4D-C220B8ECA1E0}"
EndProject
Project("{FAE04EC0-301F-11D3-BF4B-00C04F79EFBC}") = "CBClient", "CBClient\CBClient.csproj", "{B0D1DDE7-CDE6-4268-B27A-F00D6362DBC3}"
EndProject
Global
	GlobalSection(SolutionConfigurationPlatforms) = preSolution
		Debug|Any CPU = Debug|Any CPU
		Release|Any CPU = Release|Any CPU
	EndGlobalSection
	GlobalSection(ProjectConfigurationPlatforms) = postSolution
		{C4FB8CEE-0992-44AD-87A9-5F2BD169BE31}.Debug|Any CPU.ActiveCfg = Debug|Any CPU
		{C4FB8CEE-0992-44AD-87A9-5F2BD169BE31}.Debug|Any CPU.Build.0 = Debug|Any CPU
		{C4FB8CEE-0992-44AD-87A9-5F2BD169BE31}.Release|Any CPU.ActiveCfg = Release|Any CPU
		{C4FB8CEE-0992-44AD-87A9-5F2BD169BE31}.Release|Any CPU.Build.0 = Release|Any CPU
		{253F3111-696D-4AFE-B6A8-9E6027DA5836}.Debug|Any CPU.ActiveCfg = Debug|Any CPU
		{253F3111-696D-4AFE-B6A8-9E6027DA5836}.Debug|Any CPU.Build.0 = Debug|Any CPU
		{253F3111-696D-4AFE-B6A8-9E6027DA5836}.Release|Any CPU.ActiveCfg = Release|Any CPU
		{253F3111-696D-4AFE-B6A8-9E6027DA5836}.Release|Any CPU.Build.0 = Release|Any CPU
		{54D652D4-1FCC-4620-971F-69F451BF23BB}.Debug|Any CPU.ActiveCfg = Debug|Any CPU
		{54D652D4-1FCC-4620-971F-69F451BF23BB}.Debug|Any CPU.Build.0 = Debug|Any CPU
		{54D652D4-1FCC-4620-971F-69F451BF23BB}.Release|Any CPU.ActiveCfg = Release|Any CPU
		{54D652D4-1FCC-4620-971F-69F451BF23BB}.Release|Any CPU.Build.0 = Release|Any CPU
		{BC271A84-1780-4039-851F-8E684F87CCDF}.Debug|Any CPU.ActiveCfg = Debug|Any CPU
		{BC271A84-1780-4039-851F-8E684F87CCDF}.Debug|Any CPU.Build.0 = Debug|Any CPU
		{BC271A84-1780-4039-851F-8E684F87CCDF}.Release|Any CPU.ActiveCfg = Release|Any CPU
		{BC271A84-1780-4039-851F-8E684F87CCDF}.Release|Any CPU.Build.0 = Release|Any CPU
		{FB8DFE2E-85B1-4A4F-9ACD-A54E9DAE88DE}.Debug|Any CPU.ActiveCfg = Debug|Any CPU
		{FB8DFE2E-85B1-4A4F-9ACD-A54E9DAE88DE}.Debug|Any CPU.Build.0 = Debug|Any CPU
		{FB8DFE2E-85B1-4A4F-9ACD-A54E9DAE88DE}.Release|Any CPU.ActiveCfg = Release|Any CPU
		{FB8DFE2E-85B1-4A4F-9ACD-A54E9DAE88DE}.Release|Any CPU.Build.0 = Release|Any CPU
		{1E7270F3-3C46-48F4-A060-FA2DD2E28EEB}.Debug|Any CPU.ActiveCfg = Debug|Any CPU
		{1E7270F3-3C46-48F4-A060-FA2DD2E28EEB}.Debug|Any CPU.Build.0 = Debug|Any CPU
		{1E7270F3-3C46-48F4-A060-FA2DD2E28EEB}.Release|Any CPU.ActiveCfg = Release|Any CPU
		{1E7270F3-3C46-48F4-A060-FA2DD2E28EEB}.Release|Any CPU.Build.0 = Release|Any CPU
		{D58EA27C-3A0F-4AAF-AD4D-C220B8ECA1E0}.Debug|Any CPU.ActiveCfg = Debug|Any CPU
		{D58EA27C-3A0F-4AAF-AD4D-C220B8ECA1E0}.Debug|Any CPU.Build.0 = Debug|Any CPU
		{D58EA27C-3A0F-4AAF-AD4D-C220B8ECA1E0}.Release|Any CPU.ActiveCfg = Release|Any CPU
		{D58EA27C-3A0F-4AAF-AD4D-C220B8ECA1E0}.Release|Any CPU.Build.0 = Release|Any CPU
		{B0D1DDE7-CDE6-4268-B27A-F00D6362DBC3}.Debug|Any CPU.ActiveCfg = Debug|Any CPU
		{B0D1DDE7-CDE6-4268-B27A-F00D6362DBC3}.Debug|Any CPU.Build.0 = Debug|Any CPU
		{B0D1DDE7-CDE6-4268-B27A-F00D6362DBC3}.Release|Any CPU.ActiveCfg = Release|Any CPU
		{B0D1DDE7-CDE6-4268-B27A-F00D6362DBC3}.Release|Any CPU.Build.0 = Release|Any CPU
	EndGlobalSection
	GlobalSection(SolutionProperties) = preSolution
		HideSolutionNode = FALSE
	EndGlobalSection
	GlobalSection(ExtensibilityGlobals) = postSolution
		SolutionGuid = {1E085D3E-4376-4CEA-9A7D-8A306361CCD1}
	EndGlobalSection
EndGlobal
